{
  "version": "3",
  "redirects": {
    "https://esm.sh/gh/goodloops-ai/looplib/modules/gpt.mjs": "https://esm.sh/gh/goodloops-ai/looplib@9e279fe72f/modules/gpt.mjs",
    "https://esm.sh/gh/goodloops-ai/looplib/sdk.mjs": "https://esm.sh/gh/goodloops-ai/looplib@9e279fe72f/sdk.mjs"
  },
  "remote": {
    "https://esm.sh/gh/goodloops-ai/looplib@67edf36a1494fb1edb438bdb6a5535198d636150/modules/gpt.mjs": "f8d91c3b98bcc73624310f302ffac23253c3d7d24eef56b88f781bca0acaeece",
    "https://esm.sh/gh/goodloops-ai/looplib@67edf36a1494fb1edb438bdb6a5535198d636150/sdk.mjs": "29c711aa8aafe941d1040c82c0cb9fa21dfc1f5eafa9d1c8f1d8bcab670918fe",
    "https://esm.sh/gh/goodloops-ai/looplib@9e279fe72f/modules/gpt.mjs": "851aed708a1198b68f0ca2b08338ff8320e744042958761d909701bb406d47cf",
    "https://esm.sh/gh/goodloops-ai/looplib@9e279fe72f/sdk.mjs": "e0ba46d67da10fb889925ba1840ddc7b105958bf4239734d282c8fc29450c9a1",
    "https://esm.sh/gh/goodloops-ai/looplib@b81e1bbc601412394c45446422dff741bb09a63d/modules/gpt.mjs": "db4b2e2ae67c474d3177ee2a80e995ce4b93505623273896d1b65c6413a3afd4",
    "https://esm.sh/gh/goodloops-ai/looplib@b81e1bbc601412394c45446422dff741bb09a63d/sdk.mjs": "e738c07e81c1f7257726b51056cd5ae26d19963c119aa5cdc1f6cbf65b6b0824",
    "https://esm.sh/gh/goodloops-ai/looplib@f762900262d28b450154c43197dcc5f305f3eb15/modules/gpt.mjs": "0b2113ed03e7d43171ed0791469382c67550636388bd40399c753c7bcea794a1",
    "https://esm.sh/gh/goodloops-ai/looplib@f762900262d28b450154c43197dcc5f305f3eb15/sdk.mjs": "d445294c2b0e2a32ae4245fe1de033a406a41d960031405293cf3d185a6519fe",
    "https://esm.sh/v135/@babel/runtime@7.23.9/denonext/helpers/createClass.js": "839c86f2e261887206490a45e69de8c0d71fcd2f69a9ba6c8daf69da70a3800b",
    "https://esm.sh/v135/@babel/runtime@7.23.9/denonext/helpers/esm/construct.js": "037d4cb1635eddfcff96ed7e5fb71673a72bbc6a26b1a10694a312c2495afef5",
    "https://esm.sh/v135/@babel/runtime@7.23.9/denonext/helpers/esm/getPrototypeOf.js": "3dee8d089163759c4b09e8f328f774258ad4ebf4ce90e189f8de6631d46696ab",
    "https://esm.sh/v135/@babel/runtime@7.23.9/denonext/helpers/esm/isNativeFunction.js": "f633cf34f51f8bd09802260414ddd47038266a4febb38d826607c8687f6a45c9",
    "https://esm.sh/v135/@babel/runtime@7.23.9/denonext/helpers/esm/isNativeReflectConstruct.js": "5b2e23e6aa7d4e273d88a02f1495b2765595858f253a2f4c1dd6609f71e57c08",
    "https://esm.sh/v135/@babel/runtime@7.23.9/denonext/helpers/esm/setPrototypeOf.js": "61d7f7df2fca51276b3a73e19d6166f2ae31c5e075d983187613d6d564acbaba",
    "https://esm.sh/v135/@babel/runtime@7.23.9/denonext/helpers/esm/toPrimitive.js": "47f4a40c305fde67c7902daf1038721188308cabda315e53963caca9e6c38ca0",
    "https://esm.sh/v135/@babel/runtime@7.23.9/denonext/helpers/esm/toPropertyKey.js": "437e35f49472b2d847cb012b0a3102cbe858e96dcb846f20728c86ff433d73b3",
    "https://esm.sh/v135/@babel/runtime@7.23.9/denonext/helpers/esm/typeof.js": "e813e8e9567f540f34744c10249c7259e66b67b9032ea28e55c062b52d570f61",
    "https://esm.sh/v135/@babel/runtime@7.23.9/denonext/helpers/inheritsLoose.js": "96c503fde5639f1244bc8ad7826a06021c69cce2059b43aa1873c37784d936b9",
    "https://esm.sh/v135/@babel/runtime@7.23.9/denonext/helpers/wrapNativeSuper.js": "0cc61e3aea69f58466c93449581df2f6bce5ccae998ed47dfe73a5e2abf6af7f",
    "https://esm.sh/v135/array-push-at-sort-position@4.0.1/denonext/array-push-at-sort-position.mjs": "cba4b10b2cc9f7df60acb7eb36f69d17f5ebc49e4028f82b0fabaeda5853c629",
    "https://esm.sh/v135/binary-decision-diagram@3.2.0/denonext/binary-decision-diagram.mjs": "57aa61c266a0d55a371d6fe83a43184a05fe4538c5f83074a39008b156ce7083",
    "https://esm.sh/v135/broadcast-channel@7.0.0/denonext/broadcast-channel.mjs": "5a6880396e88ad5ad7b19c2805f0128af816038d8f8b07a9fd69fc90a1b96b52",
    "https://esm.sh/v135/custom-idle-queue@3.0.1/denonext/custom-idle-queue.mjs": "c17b36858c8082804403c680e01c746f8792bff20957ee28a4af66ea6157a617",
    "https://esm.sh/v135/dexie@4.0.1-beta.6/denonext/dexie.mjs": "f61067cc9d87a8c34c09057c27399c5bf5040a55896acd18813cc0108f959181",
    "https://esm.sh/v135/event-reduce-js@5.2.7/denonext/event-reduce-js.mjs": "22cbb0aec63f4f21fa9b6302e0bce51a9760e5db859d8f83ccc450945c5e635c",
    "https://esm.sh/v135/fast-equals@2.0.4/denonext/fast-equals.mjs": "d5786b030efae58b6908a58f5172abe64ccb084197a77eb7419eae06d3acea6a",
    "https://esm.sh/v135/filename-reserved-regex@3.0.0/denonext/filename-reserved-regex.mjs": "f7c317fa1676d898e763bd431070620a8b4a6dc91363bbd8a0dc9bd487f8e080",
    "https://esm.sh/v135/filenamify@6.0.0/denonext/browser.js": "726de66e1d95ce2425673f31c98101c26d20b7172766ab19f138973a92ecf284",
    "https://esm.sh/v135/filenamify@6.0.0/denonext/filenamify.mjs": "cb1366fd930693cf95290c9b6c36fd7f6085a98d50d11f0d1ab63178e99d29f6",
    "https://esm.sh/v135/gh/goodloops-ai/looplib@67edf36a1494fb1edb438bdb6a5535198d636150/denonext/modules/gpt.js": "afe7cf4b50ca3ff38eecb422e9349d47e29d10ac535c649c456309c2cec50515",
    "https://esm.sh/v135/gh/goodloops-ai/looplib@67edf36a1494fb1edb438bdb6a5535198d636150/denonext/sdk.js": "6ccf9d47a78fc1b1171bc8ff89ea125fc866a09102517a374c235dc77839f423",
    "https://esm.sh/v135/gh/goodloops-ai/looplib@9e279fe72f/denonext/modules/gpt.js": "8761800896cbf4c6778d8942468b45ff2a56154b0ea7257dd757cefcc720d202",
    "https://esm.sh/v135/gh/goodloops-ai/looplib@9e279fe72f/denonext/sdk.js": "8021af0a5207ddeee212b4e08c4e92a4eed4afce54f85d64667becc81bacd5ee",
    "https://esm.sh/v135/gh/goodloops-ai/looplib@b81e1bbc601412394c45446422dff741bb09a63d/denonext/modules/gpt.js": "707f441faf29d0f64daf9d01ab7eec5c104d2454c4fdc45bf7f6d9e7e5b8c860",
    "https://esm.sh/v135/gh/goodloops-ai/looplib@b81e1bbc601412394c45446422dff741bb09a63d/denonext/sdk.js": "2471bee82ac107a412fccd636669a4ca33ef62759c333111e22e0e23e9be1f62",
    "https://esm.sh/v135/gh/goodloops-ai/looplib@f762900262d28b450154c43197dcc5f305f3eb15/denonext/modules/gpt.js": "27c638ccf8c6f121a9f3c49044d0d9446472262454bbe5d3174d0af00a5bdb5d",
    "https://esm.sh/v135/gh/goodloops-ai/looplib@f762900262d28b450154c43197dcc5f305f3eb15/denonext/sdk.js": "d6ca6868670c31851d090b7cc6e8aa95016d98be0d4e3e4a616b9b2c3a136da4",
    "https://esm.sh/v135/js-base64@3.7.6/denonext/js-base64.mjs": "a66336e0997620f69a76d0492f171cc259147bfcbb5b5989e3e6146bedade8d0",
    "https://esm.sh/v135/mingo@6.4.10/denonext/aggregator.js": "7275792a71d3362e82911d660d21493cad0d5e207cb5b576f1dab3ac8b299d45",
    "https://esm.sh/v135/mingo@6.4.10/denonext/core.js": "f578391049576ddcc0a8e7ff919c2c21bb9d209fdc325c51f89b0e4d4d395c9c",
    "https://esm.sh/v135/mingo@6.4.10/denonext/cursor.js": "7fecf7597bd703bbef6f0504c939e6f7479aa1acda4324d4194a35d7fb7b3859",
    "https://esm.sh/v135/mingo@6.4.10/denonext/lazy.js": "667e347480cea6ba1a89b69c7b452ed3260bbad5d75b75b22d75b929c35e57f1",
    "https://esm.sh/v135/mingo@6.4.10/denonext/operators/pipeline.js": "922a6677cfd7465dc760f7b1bcdad741b497fa2d3a799ccaf5221086553904b6",
    "https://esm.sh/v135/mingo@6.4.10/denonext/operators/query/array.js": "83eaebcc8d3b7ede56e16bc872eba8ea09513e8e226095c325c5d0bed5b04801",
    "https://esm.sh/v135/mingo@6.4.10/denonext/operators/query/comparison.js": "306bd5bf0821783eca2fd0bfff4d9e10d6da54dead7f274a1e0e4806f7c5febb",
    "https://esm.sh/v135/mingo@6.4.10/denonext/operators/query/element.js": "48e8ba52f6ff95589614831ce8864aedaf26b7fffc61ef06e81285bf26ddadee",
    "https://esm.sh/v135/mingo@6.4.10/denonext/operators/query/evaluation.js": "28cc63d1b46d0ec14bb3f91ba26417d47ed781bbb681dc9019cbfb3734354ec5",
    "https://esm.sh/v135/mingo@6.4.10/denonext/operators/query/logical.js": "215579a3d4af486fa70d3b31f0b415b70d65a06eec368f38686ca3c6dff31da7",
    "https://esm.sh/v135/mingo@6.4.10/denonext/query.js": "403703433dfec956aebf4dcc00e6c33e6bdce898bbdacd9b7cc7b58b604be9a1",
    "https://esm.sh/v135/mingo@6.4.10/denonext/util.js": "49b009bd78d730e2d1b04267ebce8ac97f4782779eb80048eee36da2ceb9d370",
    "https://esm.sh/v135/oblivious-set@1.4.0/denonext/oblivious-set.mjs": "40bd009be262f4b173026744da84865a0912496e06b839b387bdc20fc018a97a",
    "https://esm.sh/v135/ohash@1.1.3/denonext/ohash.mjs": "82faa3b3bac36beeb725dbd587ad4447e234431c65e03ffbc7fecfa3aa2598aa",
    "https://esm.sh/v135/openai@4.20.1/denonext/_shims.js": "f2f3341c577c3a88d73b00cf6d1e5a59c439d3c580ddb0d752192f214ccbbc07",
    "https://esm.sh/v135/openai@4.20.1/denonext/_shims/MultipartBody.js": "0b1037324931c554eb27da54db4255dacfded4fed7edc6e36406e05ef3f551e0",
    "https://esm.sh/v135/openai@4.20.1/denonext/_shims/auto/runtime.js": "2c40da0b0daca1925236899392e10309fa0994f407322a7c643104b141067fde",
    "https://esm.sh/v135/openai@4.20.1/denonext/_shims/registry.js": "b4a36f0587b752a2d2606c45731f5d7c4561deb9e7a756916b8bd46aef3ad6c0",
    "https://esm.sh/v135/openai@4.20.1/denonext/_shims/web-runtime.js": "79d144248ec20d23e854ba570f4bfb1906e99f371df6db96b35c7da8fa5ff25c",
    "https://esm.sh/v135/openai@4.20.1/denonext/core.js": "857b463a93097138044f903867e14f5a2db413e38c19ca2aba3314822a1de43c",
    "https://esm.sh/v135/openai@4.20.1/denonext/error.js": "33349d34914aedca5955eef3be8b7d9dfe197f1bf6314de130f95809137e8c96",
    "https://esm.sh/v135/openai@4.20.1/denonext/lib/AbstractChatCompletionRunner.js": "2da86d67ed6cb7b0475afd085c911f1ba6d33cb351949858652e6db2e17409cd",
    "https://esm.sh/v135/openai@4.20.1/denonext/lib/ChatCompletionRunner.js": "78163c4d4d8d1a03a607d94dd6c7403a4a1b6be0cf971fdeeb21c563d0fb86d0",
    "https://esm.sh/v135/openai@4.20.1/denonext/lib/ChatCompletionStream.js": "4e1551eca469322ac1ae7b5da10ae861dd2b876ff2e064c8e0c76f7b21fa389a",
    "https://esm.sh/v135/openai@4.20.1/denonext/lib/ChatCompletionStreamingRunner.js": "ec78476dc6685f6008f4c3ace619ac9dece603adbcdd64f9ef3fc69729079868",
    "https://esm.sh/v135/openai@4.20.1/denonext/lib/RunnableFunction.js": "de2c962e3d5e875916258ef51f1f39ac1438f80f240c65b307981ab3d3fa831b",
    "https://esm.sh/v135/openai@4.20.1/denonext/lib/chatCompletionUtils.js": "5c7c88e4c166e1eed354a03aa0d0410028bc2b3523155f0f0981c670b63be5a7",
    "https://esm.sh/v135/openai@4.20.1/denonext/openai.mjs": "733dc76ede624c9e84182a09390507ad1adaac6b0d53a9c257d7609226e3a0c5",
    "https://esm.sh/v135/openai@4.20.1/denonext/pagination.js": "9966fb2700599cb018a1805e8858c9f56f09cac1bffe055a6d17b3e8c41579e0",
    "https://esm.sh/v135/openai@4.20.1/denonext/resource.js": "bf5867734210ffeb8a7ae475d15725df082d14b64705bd1b0b1e396f8f0069ff",
    "https://esm.sh/v135/openai@4.20.1/denonext/resources.js": "182faa8b7edc5df67ebb015076c3bc2b9c25b443030253f26e7e0316533216c8",
    "https://esm.sh/v135/openai@4.20.1/denonext/resources/audio/audio.js": "d05f722547178592c31dc800394c0605f0940032b347c02e2322dfaf4fadb282",
    "https://esm.sh/v135/openai@4.20.1/denonext/resources/audio/speech.js": "228f9c757668f2f56cf5b1bafdddddde65162b65875b13b7537ca5b7d69ee1df",
    "https://esm.sh/v135/openai@4.20.1/denonext/resources/audio/transcriptions.js": "8379dc488e24ec320081e0a007427aff95f79b5cc5102d6354351c54ea51b81b",
    "https://esm.sh/v135/openai@4.20.1/denonext/resources/audio/translations.js": "b660a114d24cb33ccf2874d907b540b496305a42a73dd01e20d45a57acf441e0",
    "https://esm.sh/v135/openai@4.20.1/denonext/resources/beta/assistants/assistants.js": "e711fe4c99631b91ef351e576504fbc64897a1a6eed49a71ad6362d3e4ce1fcf",
    "https://esm.sh/v135/openai@4.20.1/denonext/resources/beta/assistants/files.js": "14ee642775afa9db9f3e34d57b6e24215f38445ba71785a6740aa176e397adb0",
    "https://esm.sh/v135/openai@4.20.1/denonext/resources/beta/beta.js": "eab798c9b2d93d8c62d14e034387bd4911ae9c2ff7b7ff267b7fe748fbb02890",
    "https://esm.sh/v135/openai@4.20.1/denonext/resources/beta/chat/chat.js": "70b3afaa2b919155c9e824f92b5e37b8590b1b864dec6b5747dc06ff0086bb12",
    "https://esm.sh/v135/openai@4.20.1/denonext/resources/beta/chat/completions.js": "83e8ecbc4547010bc855f4ecd995c98c36a17a0f77765ced939e24c66b76154d",
    "https://esm.sh/v135/openai@4.20.1/denonext/resources/beta/threads/messages/files.js": "829e967c21f9306f3bde146311fdc4fa54b9f9b4827d4af69ed93f9f18c6bc58",
    "https://esm.sh/v135/openai@4.20.1/denonext/resources/beta/threads/messages/messages.js": "2f01c797f174d776f7d3ba157093587a946a4aa21f20ee299e7e911c950c4e28",
    "https://esm.sh/v135/openai@4.20.1/denonext/resources/beta/threads/runs/runs.js": "c0af5fe09af521fa56f03a5d2a9cca69debf2b6435cc86818c4e382596d2b96d",
    "https://esm.sh/v135/openai@4.20.1/denonext/resources/beta/threads/runs/steps.js": "b73c310cd4788a66b63481426cda1b9a0e153b36dad2cc243b5ebfe79287f28e",
    "https://esm.sh/v135/openai@4.20.1/denonext/resources/beta/threads/threads.js": "8e4530587a3b01d4c35fcc407bdcde4b0a2dac5a25d3e53f62440690cfd9d53e",
    "https://esm.sh/v135/openai@4.20.1/denonext/resources/chat.js": "839e8ea0d6a542e6a41ee7d0047770c8b4507187b21dc985fbb266f8116bd701",
    "https://esm.sh/v135/openai@4.20.1/denonext/resources/chat/chat.js": "66ee2b894e6a872a9a98d73302a0f09f731aab82557bdba47a161af411427cf6",
    "https://esm.sh/v135/openai@4.20.1/denonext/resources/chat/completions.js": "cdedce3a8f9093b913f0dd471b9c8a652abcd256b6192d169c34ed0ec636e460",
    "https://esm.sh/v135/openai@4.20.1/denonext/resources/completions.js": "212c611843a8bdd0879ce57293f5f65ddbbe79ff21acb85c7be66c4d1452e341",
    "https://esm.sh/v135/openai@4.20.1/denonext/resources/edits.js": "04e6e85a6ec44defb4e88d18931c621c784f29aa436344145db9affc37a3a237",
    "https://esm.sh/v135/openai@4.20.1/denonext/resources/embeddings.js": "9d91166225798f45851b4e29752eaad4d30e236db53137f1f2c4e3f5caae0b75",
    "https://esm.sh/v135/openai@4.20.1/denonext/resources/files.js": "63e1779e2c42da8783fac00e3a5104000768f11f35b6c3849ca241c483eb13ed",
    "https://esm.sh/v135/openai@4.20.1/denonext/resources/fine-tunes.js": "4b0fe55507b96dc9afacfe62a94d7b4cf010ab8e5dd72d00fb3adcd406691f0a",
    "https://esm.sh/v135/openai@4.20.1/denonext/resources/fine-tuning/fine-tuning.js": "b4c5067b6e021de45c6fcf1d19b83fe2fcb946c3ef21151de0622e36140bf527",
    "https://esm.sh/v135/openai@4.20.1/denonext/resources/fine-tuning/jobs.js": "2cc035e71c147603bc3f4c136a9d0e9eb31f916e986423e75af8cc39c41da717",
    "https://esm.sh/v135/openai@4.20.1/denonext/resources/images.js": "465326e07549e89fe6e1444c9949bf4613aa96859b3f92993aee3d683c95924c",
    "https://esm.sh/v135/openai@4.20.1/denonext/resources/models.js": "78248d29cb921c2132eb3cd849695bb010667014e0c2231834c92c0518245acd",
    "https://esm.sh/v135/openai@4.20.1/denonext/resources/moderations.js": "586e24f8f49a98b89af827d1c803b38f69f7f0ee6a98b0974bc903e722327d47",
    "https://esm.sh/v135/openai@4.20.1/denonext/resources/shared.js": "653a198ca3532d886454db1902af3c0de28d268c05a0d247bf380de91a09aa98",
    "https://esm.sh/v135/openai@4.20.1/denonext/streaming.js": "307af0564e492848123900669ffb20c4c42f376466ad8bbafa25db77d95d9988",
    "https://esm.sh/v135/openai@4.20.1/denonext/uploads.js": "1a4c1cacda2e034e0411ac1ea2c408aee3a6644168e6fb827c005475fc1ede5f",
    "https://esm.sh/v135/openai@4.20.1/denonext/version.js": "48b3130e0c503ef35db3219b56fb531cd8c3275b825a5ac5815a64ef460efb80",
    "https://esm.sh/v135/rxdb@15.4.3/denonext/plugins/attachments.js": "e745c83594cea14d986f2b4936ccd097398238f7db467bc743dde778ffa64453",
    "https://esm.sh/v135/rxdb@15.4.3/denonext/plugins/dev-mode.js": "9f9de749ff27d9c498b67d460cfd533063dbb4d53b051d9d1b074e98014dd628",
    "https://esm.sh/v135/rxdb@15.4.3/denonext/plugins/local-documents.js": "191665d40b9295b1579797e1cad72a419a72f063a57b443c9ae99b678f0fc847",
    "https://esm.sh/v135/rxdb@15.4.3/denonext/plugins/storage-dexie.js": "76b4212ffc3b245bfea72beddc693d4cf63e547b3896fd6b05a483f877006e62",
    "https://esm.sh/v135/rxdb@15.4.3/denonext/plugins/storage-memory.js": "f4b12b62621ebf793ddcbbd60ea9d15c5e8d2425c1f6ab29fedc963d055a1fee",
    "https://esm.sh/v135/rxdb@15.4.3/denonext/plugins/utils.js": "d79156a6c9392bf36b7830bf35eae63ad5bc716d56711a9ac4452fec8c14e4bf",
    "https://esm.sh/v135/rxdb@15.4.3/denonext/rxdb.mjs": "e14799cee6a5df43dd45608952d702f503dc32ae5fb71b43bab5e11b7834d173",
    "https://esm.sh/v135/rxjs@7.8.1/denonext/operators.js": "fb63dd98528ca34cba49b9eeac4d8d0a6c67cd335110460c070f9d0fa1e3532b",
    "https://esm.sh/v135/rxjs@7.8.1/denonext/rxjs.mjs": "5b7ef4f0e05f81c90bb2fdf37ac4c2c2f30680a8fe90aa6b716750dd901529ca",
    "https://esm.sh/v135/tslib@2.6.2/denonext/tslib.mjs": "29782bcd3139f77ec063dc5a9385c0fff4a8d0a23b6765c73d9edeb169a04bf1",
    "https://esm.sh/v135/unload@2.4.1/denonext/unload.mjs": "7880822d42c4303cd67b70dc1431342310f07a7e3a1fb080002bee65bc46da65",
    "https://esm.sh/v135/uuid@8.3.2/denonext/uuid.mjs": "c0da38266b24ac79d62b02290f17caba7e75d078f6771bbe8fb61bdef60f837c",
    "https://esm.sh/v135/zod@3.22.4/denonext/zod.mjs": "660128af5d1e921745c4d452472d103d9f2fc5afa508bbf233b83d35a272ad67"
  }
}
